PODS:
  - FBSnapshotTestCase (2.1.4):
    - FBSnapshotTestCase/SwiftSupport (= 2.1.4)
  - FBSnapshotTestCase/Core (2.1.4)
  - FBSnapshotTestCase/SwiftSupport (2.1.4):
    - FBSnapshotTestCase/Core
  - KYNavigationFadeManager (0.1.0)

DEPENDENCIES:
  - FBSnapshotTestCase
  - KYNavigationFadeManager (from `../`)

EXTERNAL SOURCES:
  KYNavigationFadeManager:
    :path: "../"

SPEC CHECKSUMS:
  FBSnapshotTestCase: '094f9f314decbabe373b87cc339bea235a63e07a'
  KYNavigationFadeManager: 0a42531d5c0ac995872608f30abbaf33400bac6a

PODFILE CHECKSUM: 5ef33fe562a87b2ccded035e84f6dfe0bfaac3ea

COCOAPODS: 1.2.1
